// !$*UTF8*$!
{
	archiveVersion = 1;
	classes = {
	};
	objectVersion = 56;
	objects = {

/* Begin PBXBuildFile section */
		7816324E2BC86E5600F9AAC3 /* App470App.swift in Sources */ = {isa = PBXBuildFile; fileRef = 7816324D2BC86E5600F9AAC3 /* App470App.swift */; };
		781632502BC86E5600F9AAC3 /* ContentView.swift in Sources */ = {isa = PBXBuildFile; fileRef = 7816324F2BC86E5600F9AAC3 /* ContentView.swift */; };
		781632522BC86E5700F9AAC3 /* Assets.xcassets in Resources */ = {isa = PBXBuildFile; fileRef = 781632512BC86E5700F9AAC3 /* Assets.xcassets */; };
		781632562BC86E5700F9AAC3 /* Preview Assets.xcassets in Resources */ = {isa = PBXBuildFile; fileRef = 781632552BC86E5700F9AAC3 /* Preview Assets.xcassets */; };
		781632622BC86FCA00F9AAC3 /* TabBar.swift in Sources */ = {isa = PBXBuildFile; fileRef = 781632612BC86FCA00F9AAC3 /* TabBar.swift */; };
		781632642BC86FDA00F9AAC3 /* CoreDataStack.swift in Sources */ = {isa = PBXBuildFile; fileRef = 781632632BC86FDA00F9AAC3 /* CoreDataStack.swift */; };
		781632662BC86FE100F9AAC3 /* Array.swift in Sources */ = {isa = PBXBuildFile; fileRef = 781632652BC86FE100F9AAC3 /* Array.swift */; };
		781632692BC86FE900F9AAC3 /* CoreModel.xcdatamodeld in Sources */ = {isa = PBXBuildFile; fileRef = 781632672BC86FE900F9AAC3 /* CoreModel.xcdatamodeld */; };
		7816326C2BC86FF900F9AAC3 /* LoadingView.swift in Sources */ = {isa = PBXBuildFile; fileRef = 7816326B2BC86FF900F9AAC3 /* LoadingView.swift */; };
		7816326F2BC8700900F9AAC3 /* Launch Screen.storyboard in Resources */ = {isa = PBXBuildFile; fileRef = 7816326E2BC8700900F9AAC3 /* Launch Screen.storyboard */; };
		781632732BC8730C00F9AAC3 /* R1.swift in Sources */ = {isa = PBXBuildFile; fileRef = 781632722BC8730C00F9AAC3 /* R1.swift */; };
		781632752BC8731100F9AAC3 /* R2.swift in Sources */ = {isa = PBXBuildFile; fileRef = 781632742BC8731100F9AAC3 /* R2.swift */; };
		781632772BC8731700F9AAC3 /* U1.swift in Sources */ = {isa = PBXBuildFile; fileRef = 781632762BC8731700F9AAC3 /* U1.swift */; };
		781632792BC8732000F9AAC3 /* Reviews.swift in Sources */ = {isa = PBXBuildFile; fileRef = 781632782BC8732000F9AAC3 /* Reviews.swift */; };
		7816327B2BC8734200F9AAC3 /* Join.swift in Sources */ = {isa = PBXBuildFile; fileRef = 7816327A2BC8734200F9AAC3 /* Join.swift */; };
		7816327D2BC8734D00F9AAC3 /* Not.swift in Sources */ = {isa = PBXBuildFile; fileRef = 7816327C2BC8734D00F9AAC3 /* Not.swift */; };
		781632822BC877FB00F9AAC3 /* SettingsView.swift in Sources */ = {isa = PBXBuildFile; fileRef = 781632812BC877FB00F9AAC3 /* SettingsView.swift */; };
		781632842BCAB19100F9AAC3 /* StatisticsView.swift in Sources */ = {isa = PBXBuildFile; fileRef = 781632832BCAB19100F9AAC3 /* StatisticsView.swift */; };
		781632862BCAB19D00F9AAC3 /* StatisticsViewModel.swift in Sources */ = {isa = PBXBuildFile; fileRef = 781632852BCAB19D00F9AAC3 /* StatisticsViewModel.swift */; };
		781632892BCAB1B700F9AAC3 /* CurrenciesView.swift in Sources */ = {isa = PBXBuildFile; fileRef = 781632882BCAB1B700F9AAC3 /* CurrenciesView.swift */; };
		7816328C2BCAB1C300F9AAC3 /* ChartView.swift in Sources */ = {isa = PBXBuildFile; fileRef = 7816328B2BCAB1C300F9AAC3 /* ChartView.swift */; };
		7816328E2BCAB4C100F9AAC3 /* HomeView.swift in Sources */ = {isa = PBXBuildFile; fileRef = 7816328D2BCAB4C100F9AAC3 /* HomeView.swift */; };
		781632922BCAD17D00F9AAC3 /* HomeViewModel.swift in Sources */ = {isa = PBXBuildFile; fileRef = 781632912BCAD17D00F9AAC3 /* HomeViewModel.swift */; };
		789BA8752BCD912900B847E3 /* OneSignalFramework in Frameworks */ = {isa = PBXBuildFile; productRef = 789BA8742BCD912900B847E3 /* OneSignalFramework */; };
		789BA8782BCD918A00B847E3 /* ApphudSDK in Frameworks */ = {isa = PBXBuildFile; productRef = 789BA8772BCD918A00B847E3 /* ApphudSDK */; };
		789BA87B2BCD919F00B847E3 /* YandexMobileMetrica in Frameworks */ = {isa = PBXBuildFile; productRef = 789BA87A2BCD919F00B847E3 /* YandexMobileMetrica */; };
		789BA8802BCD922100B847E3 /* FirebaseRemoteConfigSwift in Frameworks */ = {isa = PBXBuildFile; productRef = 789BA87F2BCD922100B847E3 /* FirebaseRemoteConfigSwift */; };
		789BA8822BCD934200B847E3 /* DManager.swift in Sources */ = {isa = PBXBuildFile; fileRef = 789BA8812BCD934200B847E3 /* DManager.swift */; };
		789BA8842BCD935000B847E3 /* SManager.swift in Sources */ = {isa = PBXBuildFile; fileRef = 789BA8832BCD935000B847E3 /* SManager.swift */; };
		789BA8862BCD936600B847E3 /* WManager.swift in Sources */ = {isa = PBXBuildFile; fileRef = 789BA8852BCD936600B847E3 /* WManager.swift */; };
		789BA88A2BCD97E900B847E3 /* GoogleService-Info.plist in Resources */ = {isa = PBXBuildFile; fileRef = 789BA8892BCD97E900B847E3 /* GoogleService-Info.plist */; };
/* End PBXBuildFile section */

/* Begin PBXFileReference section */
		7816324A2BC86E5600F9AAC3 /* App470.app */ = {isa = PBXFileReference; explicitFileType = wrapper.application; includeInIndex = 0; path = App470.app; sourceTree = BUILT_PRODUCTS_DIR; };
		7816324D2BC86E5600F9AAC3 /* App470App.swift */ = {isa = PBXFileReference; lastKnownFileType = sourcecode.swift; path = App470App.swift; sourceTree = "<group>"; };
		7816324F2BC86E5600F9AAC3 /* ContentView.swift */ = {isa = PBXFileReference; lastKnownFileType = sourcecode.swift; path = ContentView.swift; sourceTree = "<group>"; };
		781632512BC86E5700F9AAC3 /* Assets.xcassets */ = {isa = PBXFileReference; lastKnownFileType = folder.assetcatalog; path = Assets.xcassets; sourceTree = "<group>"; };
		781632532BC86E5700F9AAC3 /* App470.entitlements */ = {isa = PBXFileReference; lastKnownFileType = text.plist.entitlements; path = App470.entitlements; sourceTree = "<group>"; };
		781632552BC86E5700F9AAC3 /* Preview Assets.xcassets */ = {isa = PBXFileReference; lastKnownFileType = folder.assetcatalog; path = "Preview Assets.xcassets"; sourceTree = "<group>"; };
		781632612BC86FCA00F9AAC3 /* TabBar.swift */ = {isa = PBXFileReference; lastKnownFileType = sourcecode.swift; path = TabBar.swift; sourceTree = "<group>"; };
		781632632BC86FDA00F9AAC3 /* CoreDataStack.swift */ = {isa = PBXFileReference; lastKnownFileType = sourcecode.swift; path = CoreDataStack.swift; sourceTree = "<group>"; };
		781632652BC86FE100F9AAC3 /* Array.swift */ = {isa = PBXFileReference; lastKnownFileType = sourcecode.swift; path = Array.swift; sourceTree = "<group>"; };
		781632682BC86FE900F9AAC3 /* CoreModel.xcdatamodel */ = {isa = PBXFileReference; lastKnownFileType = wrapper.xcdatamodel; path = CoreModel.xcdatamodel; sourceTree = "<group>"; };
		7816326B2BC86FF900F9AAC3 /* LoadingView.swift */ = {isa = PBXFileReference; lastKnownFileType = sourcecode.swift; path = LoadingView.swift; sourceTree = "<group>"; };
		7816326E2BC8700900F9AAC3 /* Launch Screen.storyboard */ = {isa = PBXFileReference; lastKnownFileType = file.storyboard; path = "Launch Screen.storyboard"; sourceTree = "<group>"; };
		781632722BC8730C00F9AAC3 /* R1.swift */ = {isa = PBXFileReference; lastKnownFileType = sourcecode.swift; path = R1.swift; sourceTree = "<group>"; };
		781632742BC8731100F9AAC3 /* R2.swift */ = {isa = PBXFileReference; lastKnownFileType = sourcecode.swift; path = R2.swift; sourceTree = "<group>"; };
		781632762BC8731700F9AAC3 /* U1.swift */ = {isa = PBXFileReference; lastKnownFileType = sourcecode.swift; path = U1.swift; sourceTree = "<group>"; };
		781632782BC8732000F9AAC3 /* Reviews.swift */ = {isa = PBXFileReference; lastKnownFileType = sourcecode.swift; path = Reviews.swift; sourceTree = "<group>"; };
		7816327A2BC8734200F9AAC3 /* Join.swift */ = {isa = PBXFileReference; lastKnownFileType = sourcecode.swift; path = Join.swift; sourceTree = "<group>"; };
		7816327C2BC8734D00F9AAC3 /* Not.swift */ = {isa = PBXFileReference; lastKnownFileType = sourcecode.swift; path = Not.swift; sourceTree = "<group>"; };
		781632812BC877FB00F9AAC3 /* SettingsView.swift */ = {isa = PBXFileReference; lastKnownFileType = sourcecode.swift; path = SettingsView.swift; sourceTree = "<group>"; };
		781632832BCAB19100F9AAC3 /* StatisticsView.swift */ = {isa = PBXFileReference; lastKnownFileType = sourcecode.swift; path = StatisticsView.swift; sourceTree = "<group>"; };
		781632852BCAB19D00F9AAC3 /* StatisticsViewModel.swift */ = {isa = PBXFileReference; lastKnownFileType = sourcecode.swift; path = StatisticsViewModel.swift; sourceTree = "<group>"; };
		781632882BCAB1B700F9AAC3 /* CurrenciesView.swift */ = {isa = PBXFileReference; lastKnownFileType = sourcecode.swift; path = CurrenciesView.swift; sourceTree = "<group>"; };
		7816328B2BCAB1C300F9AAC3 /* ChartView.swift */ = {isa = PBXFileReference; lastKnownFileType = sourcecode.swift; path = ChartView.swift; sourceTree = "<group>"; };
		7816328D2BCAB4C100F9AAC3 /* HomeView.swift */ = {isa = PBXFileReference; lastKnownFileType = sourcecode.swift; path = HomeView.swift; sourceTree = "<group>"; };
		781632912BCAD17D00F9AAC3 /* HomeViewModel.swift */ = {isa = PBXFileReference; lastKnownFileType = sourcecode.swift; path = HomeViewModel.swift; sourceTree = "<group>"; };
		789BA8722BCD902300B847E3 /* Info.plist */ = {isa = PBXFileReference; lastKnownFileType = text.plist; path = Info.plist; sourceTree = "<group>"; };
		789BA8812BCD934200B847E3 /* DManager.swift */ = {isa = PBXFileReference; lastKnownFileType = sourcecode.swift; path = DManager.swift; sourceTree = "<group>"; };
		789BA8832BCD935000B847E3 /* SManager.swift */ = {isa = PBXFileReference; lastKnownFileType = sourcecode.swift; path = SManager.swift; sourceTree = "<group>"; };
		789BA8852BCD936600B847E3 /* WManager.swift */ = {isa = PBXFileReference; lastKnownFileType = sourcecode.swift; path = WManager.swift; sourceTree = "<group>"; };
		789BA8892BCD97E900B847E3 /* GoogleService-Info.plist */ = {isa = PBXFileReference; fileEncoding = 4; lastKnownFileType = text.plist.xml; name = "GoogleService-Info.plist"; path = "Images/GoogleService-Info.plist"; sourceTree = SOURCE_ROOT; };
/* End PBXFileReference section */

/* Begin PBXFrameworksBuildPhase section */
		781632472BC86E5600F9AAC3 /* Frameworks */ = {
			isa = PBXFrameworksBuildPhase;
			buildActionMask = 2147483647;
			files = (
				789BA87B2BCD919F00B847E3 /* YandexMobileMetrica in Frameworks */,
				789BA8802BCD922100B847E3 /* FirebaseRemoteConfigSwift in Frameworks */,
				789BA8752BCD912900B847E3 /* OneSignalFramework in Frameworks */,
				789BA8782BCD918A00B847E3 /* ApphudSDK in Frameworks */,
			);
			runOnlyForDeploymentPostprocessing = 0;
		};
/* End PBXFrameworksBuildPhase section */

/* Begin PBXGroup section */
		781632412BC86E5600F9AAC3 = {
			isa = PBXGroup;
			children = (
				7816324C2BC86E5600F9AAC3 /* App470 */,
				7816324B2BC86E5600F9AAC3 /* Products */,
			);
			sourceTree = "<group>";
		};
		7816324B2BC86E5600F9AAC3 /* Products */ = {
			isa = PBXGroup;
			children = (
				7816324A2BC86E5600F9AAC3 /* App470.app */,
			);
			name = Products;
			sourceTree = "<group>";
		};
		7816324C2BC86E5600F9AAC3 /* App470 */ = {
			isa = PBXGroup;
			children = (
				789BA8722BCD902300B847E3 /* Info.plist */,
				789BA8892BCD97E900B847E3 /* GoogleService-Info.plist */,
				7816325C2BC86EFE00F9AAC3 /* Project */,
				7816324D2BC86E5600F9AAC3 /* App470App.swift */,
				7816324F2BC86E5600F9AAC3 /* ContentView.swift */,
				781632512BC86E5700F9AAC3 /* Assets.xcassets */,
				781632532BC86E5700F9AAC3 /* App470.entitlements */,
				781632542BC86E5700F9AAC3 /* Preview Content */,
			);
			path = App470;
			sourceTree = "<group>";
		};
		781632542BC86E5700F9AAC3 /* Preview Content */ = {
			isa = PBXGroup;
			children = (
				781632552BC86E5700F9AAC3 /* Preview Assets.xcassets */,
			);
			path = "Preview Content";
			sourceTree = "<group>";
		};
		7816325C2BC86EFE00F9AAC3 /* Project */ = {
			isa = PBXGroup;
			children = (
				781632602BC86F2600F9AAC3 /* Views */,
				7816325F2BC86F1F00F9AAC3 /* Extensions */,
				7816325E2BC86F0C00F9AAC3 /* TabBar */,
				7816325D2BC86F0400F9AAC3 /* StartScreens */,
			);
			path = Project;
			sourceTree = "<group>";
		};
		7816325D2BC86F0400F9AAC3 /* StartScreens */ = {
			isa = PBXGroup;
			children = (
				781632712BC8730200F9AAC3 /* Review */,
				781632702BC872FD00F9AAC3 /* User */,
				7816326D2BC86FFD00F9AAC3 /* Launch */,
				7816326A2BC86FED00F9AAC3 /* LoadingView */,
			);
			path = StartScreens;
			sourceTree = "<group>";
		};
		7816325E2BC86F0C00F9AAC3 /* TabBar */ = {
			isa = PBXGroup;
			children = (
				781632612BC86FCA00F9AAC3 /* TabBar.swift */,
			);
			path = TabBar;
			sourceTree = "<group>";
		};
		7816325F2BC86F1F00F9AAC3 /* Extensions */ = {
			isa = PBXGroup;
			children = (
				781632632BC86FDA00F9AAC3 /* CoreDataStack.swift */,
				781632652BC86FE100F9AAC3 /* Array.swift */,
				781632672BC86FE900F9AAC3 /* CoreModel.xcdatamodeld */,
				789BA8812BCD934200B847E3 /* DManager.swift */,
				789BA8832BCD935000B847E3 /* SManager.swift */,
				789BA8852BCD936600B847E3 /* WManager.swift */,
			);
			path = Extensions;
			sourceTree = "<group>";
		};
		781632602BC86F2600F9AAC3 /* Views */ = {
			isa = PBXGroup;
			children = (
				781632802BC877A200F9AAC3 /* Settings */,
				7816327F2BC8779D00F9AAC3 /* Statistics */,
				7816327E2BC8779800F9AAC3 /* Home */,
			);
			path = Views;
			sourceTree = "<group>";
		};
		7816326A2BC86FED00F9AAC3 /* LoadingView */ = {
			isa = PBXGroup;
			children = (
				7816326B2BC86FF900F9AAC3 /* LoadingView.swift */,
			);
			path = LoadingView;
			sourceTree = "<group>";
		};
		7816326D2BC86FFD00F9AAC3 /* Launch */ = {
			isa = PBXGroup;
			children = (
				7816326E2BC8700900F9AAC3 /* Launch Screen.storyboard */,
			);
			path = Launch;
			sourceTree = "<group>";
		};
		781632702BC872FD00F9AAC3 /* User */ = {
			isa = PBXGroup;
			children = (
				781632762BC8731700F9AAC3 /* U1.swift */,
				781632782BC8732000F9AAC3 /* Reviews.swift */,
				7816327A2BC8734200F9AAC3 /* Join.swift */,
				7816327C2BC8734D00F9AAC3 /* Not.swift */,
			);
			path = User;
			sourceTree = "<group>";
		};
		781632712BC8730200F9AAC3 /* Review */ = {
			isa = PBXGroup;
			children = (
				781632722BC8730C00F9AAC3 /* R1.swift */,
				781632742BC8731100F9AAC3 /* R2.swift */,
			);
			path = Review;
			sourceTree = "<group>";
		};
		7816327E2BC8779800F9AAC3 /* Home */ = {
			isa = PBXGroup;
			children = (
				7816328D2BCAB4C100F9AAC3 /* HomeView.swift */,
				781632912BCAD17D00F9AAC3 /* HomeViewModel.swift */,
			);
			path = Home;
			sourceTree = "<group>";
		};
		7816327F2BC8779D00F9AAC3 /* Statistics */ = {
			isa = PBXGroup;
			children = (
				7816328A2BCAB1BA00F9AAC3 /* Chart */,
				781632872BCAB1AA00F9AAC3 /* Currencies */,
				781632832BCAB19100F9AAC3 /* StatisticsView.swift */,
				781632852BCAB19D00F9AAC3 /* StatisticsViewModel.swift */,
			);
			path = Statistics;
			sourceTree = "<group>";
		};
		781632802BC877A200F9AAC3 /* Settings */ = {
			isa = PBXGroup;
			children = (
				781632812BC877FB00F9AAC3 /* SettingsView.swift */,
			);
			path = Settings;
			sourceTree = "<group>";
		};
		781632872BCAB1AA00F9AAC3 /* Currencies */ = {
			isa = PBXGroup;
			children = (
				781632882BCAB1B700F9AAC3 /* CurrenciesView.swift */,
			);
			path = Currencies;
			sourceTree = "<group>";
		};
		7816328A2BCAB1BA00F9AAC3 /* Chart */ = {
			isa = PBXGroup;
			children = (
				7816328B2BCAB1C300F9AAC3 /* ChartView.swift */,
			);
			path = Chart;
			sourceTree = "<group>";
		};
/* End PBXGroup section */

/* Begin PBXNativeTarget section */
		781632492BC86E5600F9AAC3 /* App470 */ = {
			isa = PBXNativeTarget;
			buildConfigurationList = 781632592BC86E5700F9AAC3 /* Build configuration list for PBXNativeTarget "App470" */;
			buildPhases = (
				781632462BC86E5600F9AAC3 /* Sources */,
				781632472BC86E5600F9AAC3 /* Frameworks */,
				781632482BC86E5600F9AAC3 /* Resources */,
			);
			buildRules = (
			);
			dependencies = (
			);
			name = App470;
			packageProductDependencies = (
				789BA8742BCD912900B847E3 /* OneSignalFramework */,
				789BA8772BCD918A00B847E3 /* ApphudSDK */,
				789BA87A2BCD919F00B847E3 /* YandexMobileMetrica */,
				789BA87F2BCD922100B847E3 /* FirebaseRemoteConfigSwift */,
			);
			productName = App470;
			productReference = 7816324A2BC86E5600F9AAC3 /* App470.app */;
			productType = "com.apple.product-type.application";
		};
/* End PBXNativeTarget section */

/* Begin PBXProject section */
		781632422BC86E5600F9AAC3 /* Project object */ = {
			isa = PBXProject;
			attributes = {
				BuildIndependentTargetsInParallel = 1;
				LastSwiftUpdateCheck = 1530;
				LastUpgradeCheck = 1530;
				TargetAttributes = {
					781632492BC86E5600F9AAC3 = {
						CreatedOnToolsVersion = 15.3;
					};
				};
			};
			buildConfigurationList = 781632452BC86E5600F9AAC3 /* Build configuration list for PBXProject "App470" */;
			compatibilityVersion = "Xcode 14.0";
			developmentRegion = en;
			hasScannedForEncodings = 0;
			knownRegions = (
				en,
				Base,
			);
			mainGroup = 781632412BC86E5600F9AAC3;
			packageReferences = (
				789BA8732BCD912900B847E3 /* XCRemoteSwiftPackageReference "OneSignal-iOS-SDK" */,
				789BA8762BCD918A00B847E3 /* XCRemoteSwiftPackageReference "ApphudSDK" */,
				789BA8792BCD919F00B847E3 /* XCRemoteSwiftPackageReference "metrica-sdk-ios" */,
				789BA87E2BCD922100B847E3 /* XCRemoteSwiftPackageReference "firebase-ios-sdk" */,
			);
			productRefGroup = 7816324B2BC86E5600F9AAC3 /* Products */;
			projectDirPath = "";
			projectRoot = "";
			targets = (
				781632492BC86E5600F9AAC3 /* App470 */,
			);
		};
/* End PBXProject section */

/* Begin PBXResourcesBuildPhase section */
		781632482BC86E5600F9AAC3 /* Resources */ = {
			isa = PBXResourcesBuildPhase;
			buildActionMask = 2147483647;
			files = (
				7816326F2BC8700900F9AAC3 /* Launch Screen.storyboard in Resources */,
				789BA88A2BCD97E900B847E3 /* GoogleService-Info.plist in Resources */,
				781632562BC86E5700F9AAC3 /* Preview Assets.xcassets in Resources */,
				781632522BC86E5700F9AAC3 /* Assets.xcassets in Resources */,
			);
			runOnlyForDeploymentPostprocessing = 0;
		};
/* End PBXResourcesBuildPhase section */

/* Begin PBXSourcesBuildPhase section */
		781632462BC86E5600F9AAC3 /* Sources */ = {
			isa = PBXSourcesBuildPhase;
			buildActionMask = 2147483647;
			files = (
				789BA8862BCD936600B847E3 /* WManager.swift in Sources */,
				781632622BC86FCA00F9AAC3 /* TabBar.swift in Sources */,
				789BA8822BCD934200B847E3 /* DManager.swift in Sources */,
				781632842BCAB19100F9AAC3 /* StatisticsView.swift in Sources */,
				781632662BC86FE100F9AAC3 /* Array.swift in Sources */,
				781632922BCAD17D00F9AAC3 /* HomeViewModel.swift in Sources */,
				781632752BC8731100F9AAC3 /* R2.swift in Sources */,
				781632892BCAB1B700F9AAC3 /* CurrenciesView.swift in Sources */,
				7816328C2BCAB1C300F9AAC3 /* ChartView.swift in Sources */,
				781632772BC8731700F9AAC3 /* U1.swift in Sources */,
				781632792BC8732000F9AAC3 /* Reviews.swift in Sources */,
				7816327B2BC8734200F9AAC3 /* Join.swift in Sources */,
				789BA8842BCD935000B847E3 /* SManager.swift in Sources */,
				781632502BC86E5600F9AAC3 /* ContentView.swift in Sources */,
				781632822BC877FB00F9AAC3 /* SettingsView.swift in Sources */,
				7816324E2BC86E5600F9AAC3 /* App470App.swift in Sources */,
				781632692BC86FE900F9AAC3 /* CoreModel.xcdatamodeld in Sources */,
				781632862BCAB19D00F9AAC3 /* StatisticsViewModel.swift in Sources */,
				7816326C2BC86FF900F9AAC3 /* LoadingView.swift in Sources */,
				781632732BC8730C00F9AAC3 /* R1.swift in Sources */,
				7816327D2BC8734D00F9AAC3 /* Not.swift in Sources */,
				781632642BC86FDA00F9AAC3 /* CoreDataStack.swift in Sources */,
				7816328E2BCAB4C100F9AAC3 /* HomeView.swift in Sources */,
			);
			runOnlyForDeploymentPostprocessing = 0;
		};
/* End PBXSourcesBuildPhase section */

/* Begin XCBuildConfiguration section */
		781632572BC86E5700F9AAC3 /* Debug */ = {
			isa = XCBuildConfiguration;
			buildSettings = {
				ALWAYS_SEARCH_USER_PATHS = NO;
				ASSETCATALOG_COMPILER_GENERATE_SWIFT_ASSET_SYMBOL_EXTENSIONS = YES;
				CLANG_ANALYZER_NONNULL = YES;
				CLANG_ANALYZER_NUMBER_OBJECT_CONVERSION = YES_AGGRESSIVE;
				CLANG_CXX_LANGUAGE_STANDARD = "gnu++20";
				CLANG_ENABLE_MODULES = YES;
				CLANG_ENABLE_OBJC_ARC = YES;
				CLANG_ENABLE_OBJC_WEAK = YES;
				CLANG_WARN_BLOCK_CAPTURE_AUTORELEASING = YES;
				CLANG_WARN_BOOL_CONVERSION = YES;
				CLANG_WARN_COMMA = YES;
				CLANG_WARN_CONSTANT_CONVERSION = YES;
				CLANG_WARN_DEPRECATED_OBJC_IMPLEMENTATIONS = YES;
				CLANG_WARN_DIRECT_OBJC_ISA_USAGE = YES_ERROR;
				CLANG_WARN_DOCUMENTATION_COMMENTS = YES;
				CLANG_WARN_EMPTY_BODY = YES;
				CLANG_WARN_ENUM_CONVERSION = YES;
				CLANG_WARN_INFINITE_RECURSION = YES;
				CLANG_WARN_INT_CONVERSION = YES;
				CLANG_WARN_NON_LITERAL_NULL_CONVERSION = YES;
				CLANG_WARN_OBJC_IMPLICIT_RETAIN_SELF = YES;
				CLANG_WARN_OBJC_LITERAL_CONVERSION = YES;
				CLANG_WARN_OBJC_ROOT_CLASS = YES_ERROR;
				CLANG_WARN_QUOTED_INCLUDE_IN_FRAMEWORK_HEADER = YES;
				CLANG_WARN_RANGE_LOOP_ANALYSIS = YES;
				CLANG_WARN_STRICT_PROTOTYPES = YES;
				CLANG_WARN_SUSPICIOUS_MOVE = YES;
				CLANG_WARN_UNGUARDED_AVAILABILITY = YES_AGGRESSIVE;
				CLANG_WARN_UNREACHABLE_CODE = YES;
				CLANG_WARN__DUPLICATE_METHOD_MATCH = YES;
				COPY_PHASE_STRIP = NO;
				DEBUG_INFORMATION_FORMAT = dwarf;
				ENABLE_STRICT_OBJC_MSGSEND = YES;
				ENABLE_TESTABILITY = YES;
				ENABLE_USER_SCRIPT_SANDBOXING = YES;
				GCC_C_LANGUAGE_STANDARD = gnu17;
				GCC_DYNAMIC_NO_PIC = NO;
				GCC_NO_COMMON_BLOCKS = YES;
				GCC_OPTIMIZATION_LEVEL = 0;
				GCC_PREPROCESSOR_DEFINITIONS = (
					"DEBUG=1",
					"$(inherited)",
				);
				GCC_WARN_64_TO_32_BIT_CONVERSION = YES;
				GCC_WARN_ABOUT_RETURN_TYPE = YES_ERROR;
				GCC_WARN_UNDECLARED_SELECTOR = YES;
				GCC_WARN_UNINITIALIZED_AUTOS = YES_AGGRESSIVE;
				GCC_WARN_UNUSED_FUNCTION = YES;
				GCC_WARN_UNUSED_VARIABLE = YES;
				LOCALIZATION_PREFERS_STRING_CATALOGS = YES;
				MTL_ENABLE_DEBUG_INFO = INCLUDE_SOURCE;
				MTL_FAST_MATH = YES;
				ONLY_ACTIVE_ARCH = YES;
				SWIFT_ACTIVE_COMPILATION_CONDITIONS = "DEBUG $(inherited)";
				SWIFT_OPTIMIZATION_LEVEL = "-Onone";
			};
			name = Debug;
		};
		781632582BC86E5700F9AAC3 /* Release */ = {
			isa = XCBuildConfiguration;
			buildSettings = {
				ALWAYS_SEARCH_USER_PATHS = NO;
				ASSETCATALOG_COMPILER_GENERATE_SWIFT_ASSET_SYMBOL_EXTENSIONS = YES;
				CLANG_ANALYZER_NONNULL = YES;
				CLANG_ANALYZER_NUMBER_OBJECT_CONVERSION = YES_AGGRESSIVE;
				CLANG_CXX_LANGUAGE_STANDARD = "gnu++20";
				CLANG_ENABLE_MODULES = YES;
				CLANG_ENABLE_OBJC_ARC = YES;
				CLANG_ENABLE_OBJC_WEAK = YES;
				CLANG_WARN_BLOCK_CAPTURE_AUTORELEASING = YES;
				CLANG_WARN_BOOL_CONVERSION = YES;
				CLANG_WARN_COMMA = YES;
				CLANG_WARN_CONSTANT_CONVERSION = YES;
				CLANG_WARN_DEPRECATED_OBJC_IMPLEMENTATIONS = YES;
				CLANG_WARN_DIRECT_OBJC_ISA_USAGE = YES_ERROR;
				CLANG_WARN_DOCUMENTATION_COMMENTS = YES;
				CLANG_WARN_EMPTY_BODY = YES;
				CLANG_WARN_ENUM_CONVERSION = YES;
				CLANG_WARN_INFINITE_RECURSION = YES;
				CLANG_WARN_INT_CONVERSION = YES;
				CLANG_WARN_NON_LITERAL_NULL_CONVERSION = YES;
				CLANG_WARN_OBJC_IMPLICIT_RETAIN_SELF = YES;
				CLANG_WARN_OBJC_LITERAL_CONVERSION = YES;
				CLANG_WARN_OBJC_ROOT_CLASS = YES_ERROR;
				CLANG_WARN_QUOTED_INCLUDE_IN_FRAMEWORK_HEADER = YES;
				CLANG_WARN_RANGE_LOOP_ANALYSIS = YES;
				CLANG_WARN_STRICT_PROTOTYPES = YES;
				CLANG_WARN_SUSPICIOUS_MOVE = YES;
				CLANG_WARN_UNGUARDED_AVAILABILITY = YES_AGGRESSIVE;
				CLANG_WARN_UNREACHABLE_CODE = YES;
				CLANG_WARN__DUPLICATE_METHOD_MATCH = YES;
				COPY_PHASE_STRIP = NO;
				DEBUG_INFORMATION_FORMAT = "dwarf-with-dsym";
				ENABLE_NS_ASSERTIONS = NO;
				ENABLE_STRICT_OBJC_MSGSEND = YES;
				ENABLE_USER_SCRIPT_SANDBOXING = YES;
				GCC_C_LANGUAGE_STANDARD = gnu17;
				GCC_NO_COMMON_BLOCKS = YES;
				GCC_WARN_64_TO_32_BIT_CONVERSION = YES;
				GCC_WARN_ABOUT_RETURN_TYPE = YES_ERROR;
				GCC_WARN_UNDECLARED_SELECTOR = YES;
				GCC_WARN_UNINITIALIZED_AUTOS = YES_AGGRESSIVE;
				GCC_WARN_UNUSED_FUNCTION = YES;
				GCC_WARN_UNUSED_VARIABLE = YES;
				LOCALIZATION_PREFERS_STRING_CATALOGS = YES;
				MTL_ENABLE_DEBUG_INFO = NO;
				MTL_FAST_MATH = YES;
				SWIFT_COMPILATION_MODE = wholemodule;
			};
			name = Release;
		};
		7816325A2BC86E5700F9AAC3 /* Debug */ = {
			isa = XCBuildConfiguration;
			buildSettings = {
				ASSETCATALOG_COMPILER_APPICON_NAME = AppIcon;
				ASSETCATALOG_COMPILER_GLOBAL_ACCENT_COLOR_NAME = AccentColor;
				CODE_SIGN_ENTITLEMENTS = App470/App470.entitlements;
				CODE_SIGN_STYLE = Automatic;
				CURRENT_PROJECT_VERSION = 1;
				DEVELOPMENT_ASSET_PATHS = "\"App470/Preview Content\"";
				ENABLE_PREVIEWS = YES;
				GENERATE_INFOPLIST_FILE = YES;
				INFOPLIST_FILE = App470/Info.plist;
				INFOPLIST_KEY_CFBundleDisplayName = NimbusRise;
				"INFOPLIST_KEY_UIApplicationSceneManifest_Generation[sdk=iphoneos*]" = YES;
				"INFOPLIST_KEY_UIApplicationSceneManifest_Generation[sdk=iphonesimulator*]" = YES;
				"INFOPLIST_KEY_UIApplicationSupportsIndirectInputEvents[sdk=iphoneos*]" = YES;
				"INFOPLIST_KEY_UIApplicationSupportsIndirectInputEvents[sdk=iphonesimulator*]" = YES;
				"INFOPLIST_KEY_UILaunchScreen_Generation[sdk=iphoneos*]" = YES;
				"INFOPLIST_KEY_UILaunchScreen_Generation[sdk=iphonesimulator*]" = YES;
				INFOPLIST_KEY_UILaunchStoryboardName = "Launch Screen.storyboard";
				"INFOPLIST_KEY_UIStatusBarStyle[sdk=iphoneos*]" = UIStatusBarStyleDefault;
				"INFOPLIST_KEY_UIStatusBarStyle[sdk=iphonesimulator*]" = UIStatusBarStyleDefault;
				INFOPLIST_KEY_UISupportedInterfaceOrientations = UIInterfaceOrientationPortrait;
				INFOPLIST_KEY_UISupportedInterfaceOrientations_iPad = "UIInterfaceOrientationLandscapeLeft UIInterfaceOrientationLandscapeRight UIInterfaceOrientationPortrait UIInterfaceOrientationPortraitUpsideDown";
				IPHONEOS_DEPLOYMENT_TARGET = 14.0;
				LD_RUNPATH_SEARCH_PATHS = "@executable_path/Frameworks";
				"LD_RUNPATH_SEARCH_PATHS[sdk=macosx*]" = "@executable_path/../Frameworks";
				MACOSX_DEPLOYMENT_TARGET = 14.1;
				MARKETING_VERSION = 1.0;
				PRODUCT_BUNDLE_IDENTIFIER = IOI.App470;
				PRODUCT_NAME = "$(TARGET_NAME)";
				SDKROOT = auto;
				SUPPORTED_PLATFORMS = "iphoneos iphonesimulator";
				SUPPORTS_MACCATALYST = NO;
				SWIFT_EMIT_LOC_STRINGS = YES;
				SWIFT_VERSION = 5.0;
				TARGETED_DEVICE_FAMILY = 1;
			};
			name = Debug;
		};
		7816325B2BC86E5700F9AAC3 /* Release */ = {
			isa = XCBuildConfiguration;
			buildSettings = {
				ASSETCATALOG_COMPILER_APPICON_NAME = AppIcon;
				ASSETCATALOG_COMPILER_GLOBAL_ACCENT_COLOR_NAME = AccentColor;
				CODE_SIGN_ENTITLEMENTS = App470/App470.entitlements;
				CODE_SIGN_STYLE = Automatic;
				CURRENT_PROJECT_VERSION = 1;
				DEVELOPMENT_ASSET_PATHS = "\"App470/Preview Content\"";
				ENABLE_PREVIEWS = YES;
				GENERATE_INFOPLIST_FILE = YES;
				INFOPLIST_FILE = App470/Info.plist;
				INFOPLIST_KEY_CFBundleDisplayName = NimbusRise;
				"INFOPLIST_KEY_UIApplicationSceneManifest_Generation[sdk=iphoneos*]" = YES;
				"INFOPLIST_KEY_UIApplicationSceneManifest_Generation[sdk=iphonesimulator*]" = YES;
				"INFOPLIST_KEY_UIApplicationSupportsIndirectInputEvents[sdk=iphoneos*]" = YES;
				"INFOPLIST_KEY_UIApplicationSupportsIndirectInputEvents[sdk=iphonesimulator*]" = YES;
				"INFOPLIST_KEY_UILaunchScreen_Generation[sdk=iphoneos*]" = YES;
				"INFOPLIST_KEY_UILaunchScreen_Generation[sdk=iphonesimulator*]" = YES;
				INFOPLIST_KEY_UILaunchStoryboardName = "Launch Screen.storyboard";
				"INFOPLIST_KEY_UIStatusBarStyle[sdk=iphoneos*]" = UIStatusBarStyleDefault;
				"INFOPLIST_KEY_UIStatusBarStyle[sdk=iphonesimulator*]" = UIStatusBarStyleDefault;
				INFOPLIST_KEY_UISupportedInterfaceOrientations = UIInterfaceOrientationPortrait;
				INFOPLIST_KEY_UISupportedInterfaceOrientations_iPad = "UIInterfaceOrientationLandscapeLeft UIInterfaceOrientationLandscapeRight UIInterfaceOrientationPortrait UIInterfaceOrientationPortraitUpsideDown";
				IPHONEOS_DEPLOYMENT_TARGET = 14.0;
				LD_RUNPATH_SEARCH_PATHS = "@executable_path/Frameworks";
				"LD_RUNPATH_SEARCH_PATHS[sdk=macosx*]" = "@executable_path/../Frameworks";
				MACOSX_DEPLOYMENT_TARGET = 14.1;
				MARKETING_VERSION = 1.0;
				PRODUCT_BUNDLE_IDENTIFIER = IOI.App470;
				PRODUCT_NAME = "$(TARGET_NAME)";
				SDKROOT = auto;
				SUPPORTED_PLATFORMS = "iphoneos iphonesimulator";
				SUPPORTS_MACCATALYST = NO;
				SWIFT_EMIT_LOC_STRINGS = YES;
				SWIFT_VERSION = 5.0;
				TARGETED_DEVICE_FAMILY = 1;
			};
			name = Release;
		};
/* End XCBuildConfiguration section */

/* Begin XCConfigurationList section */
		781632452BC86E5600F9AAC3 /* Build configuration list for PBXProject "App470" */ = {
			isa = XCConfigurationList;
			buildConfigurations = (
				781632572BC86E5700F9AAC3 /* Debug */,
				781632582BC86E5700F9AAC3 /* Release */,
			);
			defaultConfigurationIsVisible = 0;
			defaultConfigurationName = Release;
		};
		781632592BC86E5700F9AAC3 /* Build configuration list for PBXNativeTarget "App470" */ = {
			isa = XCConfigurationList;
			buildConfigurations = (
				7816325A2BC86E5700F9AAC3 /* Debug */,
				7816325B2BC86E5700F9AAC3 /* Release */,
			);
			defaultConfigurationIsVisible = 0;
			defaultConfigurationName = Release;
		};
/* End XCConfigurationList section */

/* Begin XCRemoteSwiftPackageReference section */
		789BA8732BCD912900B847E3 /* XCRemoteSwiftPackageReference "OneSignal-iOS-SDK" */ = {
			isa = XCRemoteSwiftPackageReference;
			repositoryURL = "https://github.com/OneSignal/OneSignal-iOS-SDK.git";
			requirement = {
				kind = upToNextMajorVersion;
				minimumVersion = 5.1.4;
			};
		};
		789BA8762BCD918A00B847E3 /* XCRemoteSwiftPackageReference "ApphudSDK" */ = {
			isa = XCRemoteSwiftPackageReference;
			repositoryURL = "https://github.com/apphud/ApphudSDK.git";
			requirement = {
				kind = exactVersion;
				version = 3.2.8;
			};
		};
		789BA8792BCD919F00B847E3 /* XCRemoteSwiftPackageReference "metrica-sdk-ios" */ = {
			isa = XCRemoteSwiftPackageReference;
			repositoryURL = "https://github.com/yandexmobile/metrica-sdk-ios.git";
			requirement = {
				kind = upToNextMajorVersion;
				minimumVersion = 4.5.2;
			};
		};
		789BA87E2BCD922100B847E3 /* XCRemoteSwiftPackageReference "firebase-ios-sdk" */ = {
			isa = XCRemoteSwiftPackageReference;
			repositoryURL = "https://github.com/firebase/firebase-ios-sdk.git";
			requirement = {
				kind = upToNextMajorVersion;
				minimumVersion = 10.24.0;
			};
		};
/* End XCRemoteSwiftPackageReference section */

/* Begin XCSwiftPackageProductDependency section */
		789BA8742BCD912900B847E3 /* OneSignalFramework */ = {
			isa = XCSwiftPackageProductDependency;
			package = 789BA8732BCD912900B847E3 /* XCRemoteSwiftPackageReference "OneSignal-iOS-SDK" */;
			productName = OneSignalFramework;
		};
		789BA8772BCD918A00B847E3 /* ApphudSDK */ = {
			isa = XCSwiftPackageProductDependency;
			package = 789BA8762BCD918A00B847E3 /* XCRemoteSwiftPackageReference "ApphudSDK" */;
			productName = ApphudSDK;
		};
		789BA87A2BCD919F00B847E3 /* YandexMobileMetrica */ = {
			isa = XCSwiftPackageProductDependency;
			package = 789BA8792BCD919F00B847E3 /* XCRemoteSwiftPackageReference "metrica-sdk-ios" */;
			productName = YandexMobileMetrica;
		};
		789BA87F2BCD922100B847E3 /* FirebaseRemoteConfigSwift */ = {
			isa = XCSwiftPackageProductDependency;
			package = 789BA87E2BCD922100B847E3 /* XCRemoteSwiftPackageReference "firebase-ios-sdk" */;
			productName = FirebaseRemoteConfigSwift;
		};
/* End XCSwiftPackageProductDependency section */

/* Begin XCVersionGroup section */
		781632672BC86FE900F9AAC3 /* CoreModel.xcdatamodeld */ = {
			isa = XCVersionGroup;
			children = (
				781632682BC86FE900F9AAC3 /* CoreModel.xcdatamodel */,
			);
			currentVersion = 781632682BC86FE900F9AAC3 /* CoreModel.xcdatamodel */;
			name = CoreModel.xcdatamodeld;
			path = /Users/igor/Documents/Applications/App470/App470/Project/Extensions/CoreModel.xcdatamodeld;
			sourceTree = "<group>";
			versionGroupType = wrapper.xcdatamodel;
		};
/* End XCVersionGroup section */
	};
	rootObject = 781632422BC86E5600F9AAC3 /* Project object */;
}
